{"format_version":"0.1","terraform_version":"1.0.0","planned_values":{"root_module":{"resources":[{"address":"aws_eip.lb","mode":"managed","type":"aws_eip","name":"lb","provider_name":"registry.terraform.io/hashicorp/aws","schema_version":0,"values":{"address":null,"associate_with_private_ip":"10.0.1.50","customer_owned_ipv4_pool":null,"tags":null,"timeouts":null,"vpc":true}},{"address":"aws_instance.terra-ec2-web-test","mode":"managed","type":"aws_instance","name":"terra-ec2-web-test","provider_name":"registry.terraform.io/hashicorp/aws","schema_version":1,"values":{"ami":"ami-09e67e426f25ce0d7","availability_zone":"us-east-1a","credit_specification":[],"disable_api_termination":null,"ebs_optimized":null,"get_password_data":false,"hibernation":null,"iam_instance_profile":null,"instance_type":"t2.micro","key_name":"terraform-demo","monitoring":null,"network_interface":[{"delete_on_termination":false,"device_index":0}],"source_dest_check":null,"tags":{"name":"-terraform-aws-ubuntu-server"},"tags_all":{"name":"-terraform-aws-ubuntu-server"},"timeouts":null,"user_data":"44d33b7e339d6768b0b4db8c575b51718c2bfb08","user_data_base64":null,"volume_tags":null}},{"address":"aws_internet_gateway.terra-ig-test","mode":"managed","type":"aws_internet_gateway","name":"terra-ig-test","provider_name":"registry.terraform.io/hashicorp/aws","schema_version":0,"values":{"tags":{"Name":"Terraform test IG"},"tags_all":{"Name":"Terraform test IG"}}},{"address":"aws_network_interface.terra-web-server-ni","mode":"managed","type":"aws_network_interface","name":"terra-web-server-ni","provider_name":"registry.terraform.io/hashicorp/aws","schema_version":0,"values":{"description":null,"private_ips":["10.0.1.50"],"source_dest_check":true,"tags":null}},{"address":"aws_route_table.terra-rt-test","mode":"managed","type":"aws_route_table","name":"terra-rt-test","provider_name":"registry.terraform.io/hashicorp/aws","schema_version":0,"values":{"route":[{"carrier_gateway_id":"","cidr_block":"","destination_prefix_list_id":"","egress_only_gateway_id":"","instance_id":"","ipv6_cidr_block":"::/0","local_gateway_id":"","nat_gateway_id":"","network_interface_id":"","transit_gateway_id":"","vpc_endpoint_id":"","vpc_peering_connection_id":""},{"carrier_gateway_id":"","cidr_block":"0.0.0.0/0","destination_prefix_list_id":"","egress_only_gateway_id":"","instance_id":"","ipv6_cidr_block":"","local_gateway_id":"","nat_gateway_id":"","network_interface_id":"","transit_gateway_id":"","vpc_endpoint_id":"","vpc_peering_connection_id":""}],"tags":{"Name":"Terraform test RT"},"tags_all":{"Name":"Terraform test RT"}}},{"address":"aws_route_table_association.terra-rt-association01","mode":"managed","type":"aws_route_table_association","name":"terra-rt-association01","provider_name":"registry.terraform.io/hashicorp/aws","schema_version":0,"values":{"gateway_id":null}},{"address":"aws_security_group.allow_web","mode":"managed","type":"aws_security_group","name":"allow_web","provider_name":"registry.terraform.io/hashicorp/aws","schema_version":1,"values":{"description":"Allow Web inbound traffic","egress":[{"cidr_blocks":["0.0.0.0/0"],"description":"","from_port":0,"ipv6_cidr_blocks":["::/0"],"prefix_list_ids":[],"protocol":"-1","security_groups":[],"self":false,"to_port":0}],"ingress":[{"cidr_blocks":["0.0.0.0/0"],"description":"HTTP","from_port":80,"ipv6_cidr_blocks":[],"prefix_list_ids":[],"protocol":"tcp","security_groups":[],"self":false,"to_port":80},{"cidr_blocks":["0.0.0.0/0"],"description":"HTTPS","from_port":443,"ipv6_cidr_blocks":[],"prefix_list_ids":[],"protocol":"tcp","security_groups":[],"self":false,"to_port":443},{"cidr_blocks":["0.0.0.0/0"],"description":"SSH","from_port":22,"ipv6_cidr_blocks":[],"prefix_list_ids":[],"protocol":"tcp","security_groups":[],"self":false,"to_port":22}],"name":"allow_web_traffic","revoke_rules_on_delete":false,"tags":{"Name":"allow_web"},"tags_all":{"Name":"allow_web"},"timeouts":null}},{"address":"aws_subnet.terra-subnet01-test","mode":"managed","type":"aws_subnet","name":"terra-subnet01-test","provider_name":"registry.terraform.io/hashicorp/aws","schema_version":1,"values":{"assign_ipv6_address_on_creation":false,"availability_zone":"us-east-1a","cidr_block":"10.0.1.0/24","customer_owned_ipv4_pool":null,"ipv6_cidr_block":null,"map_customer_owned_ip_on_launch":null,"map_public_ip_on_launch":false,"outpost_arn":null,"tags":{"Name":"Terraform test subnet01"},"tags_all":{"Name":"Terraform test subnet01"},"timeouts":null}},{"address":"aws_vpc.terra-vpc-test","mode":"managed","type":"aws_vpc","name":"terra-vpc-test","provider_name":"registry.terraform.io/hashicorp/aws","schema_version":1,"values":{"assign_generated_ipv6_cidr_block":false,"cidr_block":"10.0.0.0/16","enable_dns_support":true,"instance_tenancy":"default","tags":null}}]}},"resource_changes":[{"address":"aws_eip.lb","mode":"managed","type":"aws_eip","name":"lb","provider_name":"registry.terraform.io/hashicorp/aws","change":{"actions":["create"],"before":null,"after":{"address":null,"associate_with_private_ip":"10.0.1.50","customer_owned_ipv4_pool":null,"tags":null,"timeouts":null,"vpc":true},"after_unknown":{"allocation_id":true,"association_id":true,"carrier_ip":true,"customer_owned_ip":true,"domain":true,"id":true,"instance":true,"network_border_group":true,"network_interface":true,"private_dns":true,"private_ip":true,"public_dns":true,"public_ip":true,"public_ipv4_pool":true,"tags_all":true},"before_sensitive":false,"after_sensitive":{"tags_all":{}}}},{"address":"aws_instance.terra-ec2-web-test","mode":"managed","type":"aws_instance","name":"terra-ec2-web-test","provider_name":"registry.terraform.io/hashicorp/aws","change":{"actions":["create"],"before":null,"after":{"ami":"ami-09e67e426f25ce0d7","availability_zone":"us-east-1a","credit_specification":[],"disable_api_termination":null,"ebs_optimized":null,"get_password_data":false,"hibernation":null,"iam_instance_profile":null,"instance_type":"t2.micro","key_name":"terraform-demo","monitoring":null,"network_interface":[{"delete_on_termination":false,"device_index":0}],"source_dest_check":null,"tags":{"name":"-terraform-aws-ubuntu-server"},"tags_all":{"name":"-terraform-aws-ubuntu-server"},"timeouts":null,"user_data":"44d33b7e339d6768b0b4db8c575b51718c2bfb08","user_data_base64":null,"volume_tags":null},"after_unknown":{"arn":true,"associate_public_ip_address":true,"capacity_reservation_specification":true,"cpu_core_count":true,"cpu_threads_per_core":true,"credit_specification":[],"ebs_block_device":true,"enclave_options":true,"ephemeral_block_device":true,"host_id":true,"id":true,"instance_initiated_shutdown_behavior":true,"instance_state":true,"ipv6_address_count":true,"ipv6_addresses":true,"metadata_options":true,"network_interface":[{"network_interface_id":true}],"outpost_arn":true,"password_data":true,"placement_group":true,"primary_network_interface_id":true,"private_dns":true,"private_ip":true,"public_dns":true,"public_ip":true,"root_block_device":true,"secondary_private_ips":true,"security_groups":true,"subnet_id":true,"tags":{},"tags_all":{},"tenancy":true,"vpc_security_group_ids":true},"before_sensitive":false,"after_sensitive":{"capacity_reservation_specification":[],"credit_specification":[],"ebs_block_device":[],"enclave_options":[],"ephemeral_block_device":[],"ipv6_addresses":[],"metadata_options":[],"network_interface":[{}],"root_block_device":[],"secondary_private_ips":[],"security_groups":[],"tags":{},"tags_all":{},"vpc_security_group_ids":[]}}},{"address":"aws_internet_gateway.terra-ig-test","mode":"managed","type":"aws_internet_gateway","name":"terra-ig-test","provider_name":"registry.terraform.io/hashicorp/aws","change":{"actions":["create"],"before":null,"after":{"tags":{"Name":"Terraform test IG"},"tags_all":{"Name":"Terraform test IG"}},"after_unknown":{"arn":true,"id":true,"owner_id":true,"tags":{},"tags_all":{},"vpc_id":true},"before_sensitive":false,"after_sensitive":{"tags":{},"tags_all":{}}}},{"address":"aws_network_interface.terra-web-server-ni","mode":"managed","type":"aws_network_interface","name":"terra-web-server-ni","provider_name":"registry.terraform.io/hashicorp/aws","change":{"actions":["create"],"before":null,"after":{"description":null,"private_ips":["10.0.1.50"],"source_dest_check":true,"tags":null},"after_unknown":{"attachment":true,"id":true,"interface_type":true,"ipv6_address_count":true,"ipv6_addresses":true,"mac_address":true,"outpost_arn":true,"private_dns_name":true,"private_ip":true,"private_ips":[false],"private_ips_count":true,"security_groups":true,"subnet_id":true,"tags_all":true},"before_sensitive":false,"after_sensitive":{"attachment":[],"ipv6_addresses":[],"private_ips":[false],"security_groups":[],"tags_all":{}}}},{"address":"aws_route_table.terra-rt-test","mode":"managed","type":"aws_route_table","name":"terra-rt-test","provider_name":"registry.terraform.io/hashicorp/aws","change":{"actions":["create"],"before":null,"after":{"route":[{"carrier_gateway_id":"","cidr_block":"","destination_prefix_list_id":"","egress_only_gateway_id":"","instance_id":"","ipv6_cidr_block":"::/0","local_gateway_id":"","nat_gateway_id":"","network_interface_id":"","transit_gateway_id":"","vpc_endpoint_id":"","vpc_peering_connection_id":""},{"carrier_gateway_id":"","cidr_block":"0.0.0.0/0","destination_prefix_list_id":"","egress_only_gateway_id":"","instance_id":"","ipv6_cidr_block":"","local_gateway_id":"","nat_gateway_id":"","network_interface_id":"","transit_gateway_id":"","vpc_endpoint_id":"","vpc_peering_connection_id":""}],"tags":{"Name":"Terraform test RT"},"tags_all":{"Name":"Terraform test RT"}},"after_unknown":{"arn":true,"id":true,"owner_id":true,"propagating_vgws":true,"route":[{"gateway_id":true},{"gateway_id":true}],"tags":{},"tags_all":{},"vpc_id":true},"before_sensitive":false,"after_sensitive":{"propagating_vgws":[],"route":[{},{}],"tags":{},"tags_all":{}}}},{"address":"aws_route_table_association.terra-rt-association01","mode":"managed","type":"aws_route_table_association","name":"terra-rt-association01","provider_name":"registry.terraform.io/hashicorp/aws","change":{"actions":["create"],"before":null,"after":{"gateway_id":null},"after_unknown":{"id":true,"route_table_id":true,"subnet_id":true},"before_sensitive":false,"after_sensitive":{}}},{"address":"aws_security_group.allow_web","mode":"managed","type":"aws_security_group","name":"allow_web","provider_name":"registry.terraform.io/hashicorp/aws","change":{"actions":["create"],"before":null,"after":{"description":"Allow Web inbound traffic","egress":[{"cidr_blocks":["0.0.0.0/0"],"description":"","from_port":0,"ipv6_cidr_blocks":["::/0"],"prefix_list_ids":[],"protocol":"-1","security_groups":[],"self":false,"to_port":0}],"ingress":[{"cidr_blocks":["0.0.0.0/0"],"description":"HTTP","from_port":80,"ipv6_cidr_blocks":[],"prefix_list_ids":[],"protocol":"tcp","security_groups":[],"self":false,"to_port":80},{"cidr_blocks":["0.0.0.0/0"],"description":"HTTPS","from_port":443,"ipv6_cidr_blocks":[],"prefix_list_ids":[],"protocol":"tcp","security_groups":[],"self":false,"to_port":443},{"cidr_blocks":["0.0.0.0/0"],"description":"SSH","from_port":22,"ipv6_cidr_blocks":[],"prefix_list_ids":[],"protocol":"tcp","security_groups":[],"self":false,"to_port":22}],"name":"allow_web_traffic","revoke_rules_on_delete":false,"tags":{"Name":"allow_web"},"tags_all":{"Name":"allow_web"},"timeouts":null},"after_unknown":{"arn":true,"egress":[{"cidr_blocks":[false],"ipv6_cidr_blocks":[false],"prefix_list_ids":[],"security_groups":[]}],"id":true,"ingress":[{"cidr_blocks":[false],"ipv6_cidr_blocks":[],"prefix_list_ids":[],"security_groups":[]},{"cidr_blocks":[false],"ipv6_cidr_blocks":[],"prefix_list_ids":[],"security_groups":[]},{"cidr_blocks":[false],"ipv6_cidr_blocks":[],"prefix_list_ids":[],"security_groups":[]}],"name_prefix":true,"owner_id":true,"tags":{},"tags_all":{},"vpc_id":true},"before_sensitive":false,"after_sensitive":{"egress":[{"cidr_blocks":[false],"ipv6_cidr_blocks":[false],"prefix_list_ids":[],"security_groups":[]}],"ingress":[{"cidr_blocks":[false],"ipv6_cidr_blocks":[],"prefix_list_ids":[],"security_groups":[]},{"cidr_blocks":[false],"ipv6_cidr_blocks":[],"prefix_list_ids":[],"security_groups":[]},{"cidr_blocks":[false],"ipv6_cidr_blocks":[],"prefix_list_ids":[],"security_groups":[]}],"tags":{},"tags_all":{}}}},{"address":"aws_subnet.terra-subnet01-test","mode":"managed","type":"aws_subnet","name":"terra-subnet01-test","provider_name":"registry.terraform.io/hashicorp/aws","change":{"actions":["create"],"before":null,"after":{"assign_ipv6_address_on_creation":false,"availability_zone":"us-east-1a","cidr_block":"10.0.1.0/24","customer_owned_ipv4_pool":null,"ipv6_cidr_block":null,"map_customer_owned_ip_on_launch":null,"map_public_ip_on_launch":false,"outpost_arn":null,"tags":{"Name":"Terraform test subnet01"},"tags_all":{"Name":"Terraform test subnet01"},"timeouts":null},"after_unknown":{"arn":true,"availability_zone_id":true,"id":true,"ipv6_cidr_block_association_id":true,"owner_id":true,"tags":{},"tags_all":{},"vpc_id":true},"before_sensitive":false,"after_sensitive":{"tags":{},"tags_all":{}}}},{"address":"aws_vpc.terra-vpc-test","mode":"managed","type":"aws_vpc","name":"terra-vpc-test","provider_name":"registry.terraform.io/hashicorp/aws","change":{"actions":["create"],"before":null,"after":{"assign_generated_ipv6_cidr_block":false,"cidr_block":"10.0.0.0/16","enable_dns_support":true,"instance_tenancy":"default","tags":null},"after_unknown":{"arn":true,"default_network_acl_id":true,"default_route_table_id":true,"default_security_group_id":true,"dhcp_options_id":true,"enable_classiclink":true,"enable_classiclink_dns_support":true,"enable_dns_hostnames":true,"id":true,"ipv6_association_id":true,"ipv6_cidr_block":true,"main_route_table_id":true,"owner_id":true,"tags_all":true},"before_sensitive":false,"after_sensitive":{"tags_all":{}}}}],"configuration":{"provider_config":{"aws":{"name":"aws","version_constraint":"~\u003e 3.0","expressions":{"access_key":{"constant_value":"AKIAQ66CT2I46X4EUBET"},"region":{"constant_value":"us-east-1"},"secret_key":{"constant_value":"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"}}}},"root_module":{"resources":[{"address":"aws_eip.lb","mode":"managed","type":"aws_eip","name":"lb","provider_config_key":"aws","expressions":{"associate_with_private_ip":{"constant_value":"10.0.1.50"},"network_interface":{"references":["aws_network_interface.terra-web-server-ni"]},"vpc":{"constant_value":true}},"schema_version":0,"depends_on":["aws_internet_gateway.terra-ig-test"]},{"address":"aws_instance.terra-ec2-web-test","mode":"managed","type":"aws_instance","name":"terra-ec2-web-test","provider_config_key":"aws","expressions":{"ami":{"constant_value":"ami-09e67e426f25ce0d7"},"availability_zone":{"constant_value":"us-east-1a"},"instance_type":{"constant_value":"t2.micro"},"key_name":{"constant_value":"terraform-demo"},"network_interface":[{"device_index":{"constant_value":0},"network_interface_id":{"references":["aws_network_interface.terra-web-server-ni"]}}],"tags":{"constant_value":{"name":"-terraform-aws-ubuntu-server"}},"user_data":{"constant_value":"#!/bin/bash\r\nsudo apt update -y\r\nsudo apt install apache2 -y\r\nsudo systemctl start apache2\r\nsudo bash -c 'echo your very first web server \u003e /var/www/html/index.html'\r\n"}},"schema_version":1},{"address":"aws_internet_gateway.terra-ig-test","mode":"managed","type":"aws_internet_gateway","name":"terra-ig-test","provider_config_key":"aws","expressions":{"tags":{"constant_value":{"Name":"Terraform test IG"}},"vpc_id":{"references":["aws_vpc.terra-vpc-test"]}},"schema_version":0},{"address":"aws_network_interface.terra-web-server-ni","mode":"managed","type":"aws_network_interface","name":"terra-web-server-ni","provider_config_key":"aws","expressions":{"private_ips":{"constant_value":["10.0.1.50"]},"security_groups":{"references":["aws_security_group.allow_web"]},"subnet_id":{"references":["aws_subnet.terra-subnet01-test"]}},"schema_version":0},{"address":"aws_route_table.terra-rt-test","mode":"managed","type":"aws_route_table","name":"terra-rt-test","provider_config_key":"aws","expressions":{"tags":{"constant_value":{"Name":"Terraform test RT"}},"vpc_id":{"references":["aws_vpc.terra-vpc-test"]}},"schema_version":0},{"address":"aws_route_table_association.terra-rt-association01","mode":"managed","type":"aws_route_table_association","name":"terra-rt-association01","provider_config_key":"aws","expressions":{"route_table_id":{"references":["aws_route_table.terra-rt-test"]},"subnet_id":{"references":["aws_subnet.terra-subnet01-test"]}},"schema_version":0},{"address":"aws_security_group.allow_web","mode":"managed","type":"aws_security_group","name":"allow_web","provider_config_key":"aws","expressions":{"description":{"constant_value":"Allow Web inbound traffic"},"name":{"constant_value":"allow_web_traffic"},"tags":{"constant_value":{"Name":"allow_web"}},"vpc_id":{"references":["aws_vpc.terra-vpc-test"]}},"schema_version":1},{"address":"aws_subnet.terra-subnet01-test","mode":"managed","type":"aws_subnet","name":"terra-subnet01-test","provider_config_key":"aws","expressions":{"availability_zone":{"constant_value":"us-east-1a"},"cidr_block":{"constant_value":"10.0.1.0/24"},"tags":{"constant_value":{"Name":"Terraform test subnet01"}},"vpc_id":{"references":["aws_vpc.terra-vpc-test"]}},"schema_version":1},{"address":"aws_vpc.terra-vpc-test","mode":"managed","type":"aws_vpc","name":"terra-vpc-test","provider_config_key":"aws","expressions":{"cidr_block":{"constant_value":"10.0.0.0/16"}},"schema_version":1}]}}}
